
Microsoft Visual Studio Solution File, Format Version 12.00
# Visual Studio Version 17
VisualStudioVersion = 17.14.36414.22 d17.14
MinimumVisualStudioVersion = 10.0.40219.1
Project("{FAE04EC0-301F-11D3-BF4B-00C04F79EFBC}") = "AIAssistantSQL", "AIAssistantSQL\AIAssistantSQL.csproj", "{F28DCA09-264B-49E9-8978-2449A622F4E2}"
EndProject
Global
	GlobalSection(SolutionConfigurationPlatforms) = preSolution
		Debug|Any CPU = Debug|Any CPU
		Release|Any CPU = Release|Any CPU
	EndGlobalSection
	GlobalSection(ProjectConfigurationPlatforms) = postSolution
		{F28DCA09-264B-49E9-8978-2449A622F4E2}.Debug|Any CPU.ActiveCfg = Debug|Any CPU
		{F28DCA09-264B-49E9-8978-2449A622F4E2}.Debug|Any CPU.Build.0 = Debug|Any CPU
		{F28DCA09-264B-49E9-8978-2449A622F4E2}.Release|Any CPU.ActiveCfg = Release|Any CPU
		{F28DCA09-264B-49E9-8978-2449A622F4E2}.Release|Any CPU.Build.0 = Release|Any CPU
	EndGlobalSection
	GlobalSection(SolutionProperties) = preSolution
		HideSolutionNode = FALSE
	EndGlobalSection
	GlobalSection(ExtensibilityGlobals) = postSolution
		SolutionGuid = {80522F2B-7BBE-4C2A-A710-4E806C6B1F62}
	EndGlobalSection
EndGlobal
